
Microsoft Visual Studio Solution File, Format Version 12.00
# Visual Studio Version 16
VisualStudioVersion = 16.0.30330.147
MinimumVisualStudioVersion = 10.0.40219.1
Project("{FAE04EC0-301F-11D3-BF4B-00C04F79EFBC}") = "WpfApp1", "WpfApp1\WpfApp1.csproj", "{690CE7D7-E086-4ADD-8782-141B9F6207EA}"
EndProject
Global
	GlobalSection(SolutionConfigurationPlatforms) = preSolution
		Debug|Any CPU = Debug|Any CPU
		Release|Any CPU = Release|Any CPU
	EndGlobalSection
	GlobalSection(ProjectConfigurationPlatforms) = postSolution
		{690CE7D7-E086-4ADD-8782-141B9F6207EA}.Debug|Any CPU.ActiveCfg = Debug|Any CPU
		{690CE7D7-E086-4ADD-8782-141B9F6207EA}.Debug|Any CPU.Build.0 = Debug|Any CPU
		{690CE7D7-E086-4ADD-8782-141B9F6207EA}.Release|Any CPU.ActiveCfg = Release|Any CPU
		{690CE7D7-E086-4ADD-8782-141B9F6207EA}.Release|Any CPU.Build.0 = Release|Any CPU
	EndGlobalSection
	GlobalSection(SolutionProperties) = preSolution
		HideSolutionNode = FALSE
	EndGlobalSection
	GlobalSection(ExtensibilityGlobals) = postSolution
		SolutionGuid = {B83D9F17-DE2F-4071-93B8-26F28D365B84}
	EndGlobalSection
EndGlobal
